{
    "requires": true,
    "lockfileVersion": 1,
    "dependencies": {
        "@browser-logos/android-webview-beta": {
            "version": "1.0.3",
            "resolved": "https://registry.npmjs.org/@browser-logos/android-webview-beta/-/android-webview-beta-1.0.3.tgz",
            "integrity": "sha512-COWfY30HQLL6xco/TUxb58Q4pMlE+H07fNg5NMuq2uA7xNfD1mpNTodqsh42Uu5i5nM07qCw1JmsnWBLOnBdpQ==",
            "dev": true
        },
        "@browser-logos/chrome": {
            "version": "1.0.10",
            "resolved": "https://registry.npmjs.org/@browser-logos/chrome/-/chrome-1.0.10.tgz",
            "integrity": "sha512-faGC78ipXFX3Y7ef91bgHQ3M0Hvkt3F5+5zcC2I/D0BBMP7PdZjf1RwaNHUeYN5MGvXKyoxm+Vh3gvi1Knpnbg==",
            "dev": true
        },
        "@browser-logos/edge": {
            "version": "1.0.5",
            "resolved": "https://registry.npmjs.org/@browser-logos/edge/-/edge-1.0.5.tgz",
            "integrity": "sha512-ZPB4A8LEGPbwTdcYkj5fQ9bhy8a6i92Y1D8HzuNpzExrkCn+qXkajrIX4P3H+/FJ1ziIW/0vGsEsTwn8Ht+5KA==",
            "dev": true
        },
        "@browser-logos/firefox": {
            "version": "2.0.3",
            "resolved": "https://registry.npmjs.org/@browser-logos/firefox/-/firefox-2.0.3.tgz",
            "integrity": "sha512-GbbKCIrVMXjwxbGetnqXahmwT2LN+4M7BT28YWEWeE26xsILzPUrPnUD7APoIfgTg7oz8C3AOYk0jTHO0TlZ6g==",
            "dev": true
        },
        "@browser-logos/internet-explorer-tile_10-11": {
            "version": "1.0.6",
            "resolved": "https://registry.npmjs.org/@browser-logos/internet-explorer-tile_10-11/-/internet-explorer-tile_10-11-1.0.6.tgz",
            "integrity": "sha512-G7gYUVeeHs10gnOeEW6Lg2PiF8wtTp8jKGJGFL3gQTSmhue5JlqHUHfVtTfgd0ZahJzPIVi91UyO2rLV5kuPVA==",
            "dev": true
        },
        "@browser-logos/internet-explorer_9-11": {
            "version": "1.1.6",
            "resolved": "https://registry.npmjs.org/@browser-logos/internet-explorer_9-11/-/internet-explorer_9-11-1.1.6.tgz",
            "integrity": "sha512-Z/ES99q1bK+oj1zc/ofGFKDHSemf5mmo527JZIw0MSWQNhe/P7NcggXiKaCUDxMyW3dSuPkUzP3VJZ+KvdZllQ==",
            "dev": true
        },
        "@browser-logos/opera": {
            "version": "1.1.4",
            "resolved": "https://registry.npmjs.org/@browser-logos/opera/-/opera-1.1.4.tgz",
            "integrity": "sha512-KaXUwbsEJjCDdRlulEXp2GX1bd2evNHlD3JD7D2t2vkYnzl/bnp1x9iaFjPEHj0Dn9MRkLDX8fj+1NHmuHKrgA==",
            "dev": true
        },
        "@browser-logos/opera-mini": {
            "version": "1.0.3",
            "resolved": "https://registry.npmjs.org/@browser-logos/opera-mini/-/opera-mini-1.0.3.tgz",
            "integrity": "sha512-Hy5PLFr89zKhbdrPHnlP1BKbu/V9RgPy9gw7XHhxJ83XKBsPhDjXsmcXU6QuEwb5lexJsvqOyBiVFewI1Vl5WQ==",
            "dev": true
        },
        "@browser-logos/safari": {
            "version": "1.0.4",
            "resolved": "https://registry.npmjs.org/@browser-logos/safari/-/safari-1.0.4.tgz",
            "integrity": "sha512-5Ry2iBG31ytldKzrbrdxGWnZR0U7c7dxEUG1UiXcF4oYo068pPt+CjYp1q0kl0nkVFDV/uDYL/4VCfen67zd8Q==",
            "dev": true
        },
        "@browser-logos/safari-ios": {
            "version": "1.0.6",
            "resolved": "https://registry.npmjs.org/@browser-logos/safari-ios/-/safari-ios-1.0.6.tgz",
            "integrity": "sha512-aJOE5UUzKjeGeowdH+0AwQOrCTVpmZs/grdNwVfaL0Lrov8i9Far660YKb6G6nGSp2amcNKEq3c4HS+oFrKmsg==",
            "dev": true
        },
        "@browser-logos/samsung-internet": {
            "version": "4.0.0",
            "resolved": "https://registry.npmjs.org/@browser-logos/samsung-internet/-/samsung-internet-4.0.0.tgz",
            "integrity": "sha512-OJ6ccp7wqT4ZqCLeo9ZbTDDewW5SmOcpznXDBkkrmRNVnsQBZllfnZZPd91uh5q3+E1L5cxhRhSsK3btUYFIJA==",
            "dev": true
        },
        "@browser-logos/uc": {
            "version": "1.0.3",
            "resolved": "https://registry.npmjs.org/@browser-logos/uc/-/uc-1.0.3.tgz",
            "integrity": "sha512-UOiqBuuP99UiHww0oCPfEFGIaCFKErPS97KsCppZiUPnW7IwzMVyZdpEdATkTco4dcIWREtSpvK9PicqT7gKZQ==",
            "dev": true
        }
    }
}
